
Microsoft Visual Studio Solution File, Format Version 12.00
# Visual Studio Version 16
VisualStudioVersion = 16.0.29215.179
MinimumVisualStudioVersion = 10.0.40219.1
Project("{FAE04EC0-301F-11D3-BF4B-00C04F79EFBC}") = "EchoServer", "EchoChat\EchoServer.csproj", "{76A503FA-C5BA-49D0-860C-5472B8CB1A8E}"
EndProject
Project("{FAE04EC0-301F-11D3-BF4B-00C04F79EFBC}") = "EchoClient", "EchoClient\EchoClient.csproj", "{905C1A94-9A06-48A9-9DFF-FCE4EC1CAD55}"
EndProject
Global
	GlobalSection(SolutionConfigurationPlatforms) = preSolution
		Debug|Any CPU = Debug|Any CPU
		Release|Any CPU = Release|Any CPU
	EndGlobalSection
	GlobalSection(ProjectConfigurationPlatforms) = postSolution
		{76A503FA-C5BA-49D0-860C-5472B8CB1A8E}.Debug|Any CPU.ActiveCfg = Debug|Any CPU
		{76A503FA-C5BA-49D0-860C-5472B8CB1A8E}.Debug|Any CPU.Build.0 = Debug|Any CPU
		{76A503FA-C5BA-49D0-860C-5472B8CB1A8E}.Release|Any CPU.ActiveCfg = Release|Any CPU
		{76A503FA-C5BA-49D0-860C-5472B8CB1A8E}.Release|Any CPU.Build.0 = Release|Any CPU
		{905C1A94-9A06-48A9-9DFF-FCE4EC1CAD55}.Debug|Any CPU.ActiveCfg = Debug|Any CPU
		{905C1A94-9A06-48A9-9DFF-FCE4EC1CAD55}.Debug|Any CPU.Build.0 = Debug|Any CPU
		{905C1A94-9A06-48A9-9DFF-FCE4EC1CAD55}.Release|Any CPU.ActiveCfg = Release|Any CPU
		{905C1A94-9A06-48A9-9DFF-FCE4EC1CAD55}.Release|Any CPU.Build.0 = Release|Any CPU
	EndGlobalSection
	GlobalSection(SolutionProperties) = preSolution
		HideSolutionNode = FALSE
	EndGlobalSection
	GlobalSection(ExtensibilityGlobals) = postSolution
		SolutionGuid = {1B5B2964-1FD6-4ED2-90DB-D5BBA3A82CCA}
	EndGlobalSection
EndGlobal
